// !$*UTF8*$!
{
	archiveVersion = 1;
	classes = {
	};
	objectVersion = 46;
	objects = {

/* Begin PBXBuildFile section */
		D61DFECE1E801E2D0039AF71 /* AppDelegate.swift in Sources */ = {isa = PBXBuildFile; fileRef = D61DFECD1E801E2D0039AF71 /* AppDelegate.swift */; };
		D61DFED01E801E2D0039AF71 /* ViewController.swift in Sources */ = {isa = PBXBuildFile; fileRef = D61DFECF1E801E2D0039AF71 /* ViewController.swift */; };
		D61DFED31E801E2D0039AF71 /* Main.storyboard in Resources */ = {isa = PBXBuildFile; fileRef = D61DFED11E801E2D0039AF71 /* Main.storyboard */; };
		D61DFED51E801E2D0039AF71 /* Assets.xcassets in Resources */ = {isa = PBXBuildFile; fileRef = D61DFED41E801E2D0039AF71 /* Assets.xcassets */; };
		D61DFED81E801E2D0039AF71 /* LaunchScreen.storyboard in Resources */ = {isa = PBXBuildFile; fileRef = D61DFED61E801E2D0039AF71 /* LaunchScreen.storyboard */; };
		D61DFEE31E801E2D0039AF71 /* CommentAdderTests.swift in Sources */ = {isa = PBXBuildFile; fileRef = D61DFEE21E801E2D0039AF71 /* CommentAdderTests.swift */; };
		D61DFEEE1E801E2D0039AF71 /* CommentAdderUITests.swift in Sources */ = {isa = PBXBuildFile; fileRef = D61DFEED1E801E2D0039AF71 /* CommentAdderUITests.swift */; };
/* End PBXBuildFile section */

/* Begin PBXContainerItemProxy section */
		D61DFEDF1E801E2D0039AF71 /* PBXContainerItemProxy */ = {
			isa = PBXContainerItemProxy;
			containerPortal = D61DFEC21E801E2D0039AF71 /* Project object */;
			proxyType = 1;
			remoteGlobalIDString = D61DFEC91E801E2D0039AF71;
			remoteInfo = CommentAdder;
		};
		D61DFEEA1E801E2D0039AF71 /* PBXContainerItemProxy */ = {
			isa = PBXContainerItemProxy;
			containerPortal = D61DFEC21E801E2D0039AF71 /* Project object */;
			proxyType = 1;
			remoteGlobalIDString = D61DFEC91E801E2D0039AF71;
			remoteInfo = CommentAdder;
		};
/* End PBXContainerItemProxy section */

/* Begin PBXFileReference section */
		D61DFECA1E801E2D0039AF71 /* CommentAdder.app */ = {isa = PBXFileReference; explicitFileType = wrapper.application; includeInIndex = 0; path = CommentAdder.app; sourceTree = BUILT_PRODUCTS_DIR; };
		D61DFECD1E801E2D0039AF71 /* AppDelegate.swift */ = {isa = PBXFileReference; lastKnownFileType = sourcecode.swift; path = AppDelegate.swift; sourceTree = "<group>"; };
		D61DFECF1E801E2D0039AF71 /* ViewController.swift */ = {isa = PBXFileReference; lastKnownFileType = sourcecode.swift; path = ViewController.swift; sourceTree = "<group>"; };
		D61DFED21E801E2D0039AF71 /* Base */ = {isa = PBXFileReference; lastKnownFileType = file.storyboard; name = Base; path = Base.lproj/Main.storyboard; sourceTree = "<group>"; };
		D61DFED41E801E2D0039AF71 /* Assets.xcassets */ = {isa = PBXFileReference; lastKnownFileType = folder.assetcatalog; path = Assets.xcassets; sourceTree = "<group>"; };
		D61DFED71E801E2D0039AF71 /* Base */ = {isa = PBXFileReference; lastKnownFileType = file.storyboard; name = Base; path = Base.lproj/LaunchScreen.storyboard; sourceTree = "<group>"; };
		D61DFED91E801E2D0039AF71 /* Info.plist */ = {isa = PBXFileReference; lastKnownFileType = text.plist.xml; path = Info.plist; sourceTree = "<group>"; };
		D61DFEDE1E801E2D0039AF71 /* CommentAdderTests.xctest */ = {isa = PBXFileReference; explicitFileType = wrapper.cfbundle; includeInIndex = 0; path = CommentAdderTests.xctest; sourceTree = BUILT_PRODUCTS_DIR; };
		D61DFEE21E801E2D0039AF71 /* CommentAdderTests.swift */ = {isa = PBXFileReference; lastKnownFileType = sourcecode.swift; path = CommentAdderTests.swift; sourceTree = "<group>"; };
		D61DFEE41E801E2D0039AF71 /* Info.plist */ = {isa = PBXFileReference; lastKnownFileType = text.plist.xml; path = Info.plist; sourceTree = "<group>"; };
		D61DFEE91E801E2D0039AF71 /* CommentAdderUITests.xctest */ = {isa = PBXFileReference; explicitFileType = wrapper.cfbundle; includeInIndex = 0; path = CommentAdderUITests.xctest; sourceTree = BUILT_PRODUCTS_DIR; };
		D61DFEED1E801E2D0039AF71 /* CommentAdderUITests.swift */ = {isa = PBXFileReference; lastKnownFileType = sourcecode.swift; path = CommentAdderUITests.swift; sourceTree = "<group>"; };
		D61DFEEF1E801E2D0039AF71 /* Info.plist */ = {isa = PBXFileReference; lastKnownFileType = text.plist.xml; path = Info.plist; sourceTree = "<group>"; };
/* End PBXFileReference section */

/* Begin PBXFrameworksBuildPhase section */
		D61DFEC71E801E2D0039AF71 /* Frameworks */ = {
			isa = PBXFrameworksBuildPhase;
			buildActionMask = 2147483647;
			files = (
			);
			runOnlyForDeploymentPostprocessing = 0;
		};
		D61DFEDB1E801E2D0039AF71 /* Frameworks */ = {
			isa = PBXFrameworksBuildPhase;
			buildActionMask = 2147483647;
			files = (
			);
			runOnlyForDeploymentPostprocessing = 0;
		};
		D61DFEE61E801E2D0039AF71 /* Frameworks */ = {
			isa = PBXFrameworksBuildPhase;
			buildActionMask = 2147483647;
			files = (
			);
			runOnlyForDeploymentPostprocessing = 0;
		};
/* End PBXFrameworksBuildPhase section */

/* Begin PBXGroup section */
		D61DFEC11E801E2D0039AF71 = {
			isa = PBXGroup;
			children = (
				D61DFECC1E801E2D0039AF71 /* CommentAdder */,
				D61DFEE11E801E2D0039AF71 /* CommentAdderTests */,
				D61DFEEC1E801E2D0039AF71 /* CommentAdderUITests */,
				D61DFECB1E801E2D0039AF71 /* Products */,
			);
			sourceTree = "<group>";
		};
		D61DFECB1E801E2D0039AF71 /* Products */ = {
			isa = PBXGroup;
			children = (
				D61DFECA1E801E2D0039AF71 /* CommentAdder.app */,
				D61DFEDE1E801E2D0039AF71 /* CommentAdderTests.xctest */,
				D61DFEE91E801E2D0039AF71 /* CommentAdderUITests.xctest */,
			);
			name = Products;
			sourceTree = "<group>";
		};
		D61DFECC1E801E2D0039AF71 /* CommentAdder */ = {
			isa = PBXGroup;
			children = (
				D61DFECD1E801E2D0039AF71 /* AppDelegate.swift */,
				D61DFECF1E801E2D0039AF71 /* ViewController.swift */,
				D61DFED11E801E2D0039AF71 /* Main.storyboard */,
				D61DFED41E801E2D0039AF71 /* Assets.xcassets */,
				D61DFED61E801E2D0039AF71 /* LaunchScreen.storyboard */,
				D61DFED91E801E2D0039AF71 /* Info.plist */,
			);
			path = CommentAdder;
			sourceTree = "<group>";
		};
		D61DFEE11E801E2D0039AF71 /* CommentAdderTests */ = {
			isa = PBXGroup;
			children = (
				D61DFEE21E801E2D0039AF71 /* CommentAdderTests.swift */,
				D61DFEE41E801E2D0039AF71 /* Info.plist */,
			);
			path = CommentAdderTests;
			sourceTree = "<group>";
		};
		D61DFEEC1E801E2D0039AF71 /* CommentAdderUITests */ = {
			isa = PBXGroup;
			children = (
				D61DFEED1E801E2D0039AF71 /* CommentAdderUITests.swift */,
				D61DFEEF1E801E2D0039AF71 /* Info.plist */,
			);
			path = CommentAdderUITests;
			sourceTree = "<group>";
		};
/* End PBXGroup section */

/* Begin PBXNativeTarget section */
		D61DFEC91E801E2D0039AF71 /* CommentAdder */ = {
			isa = PBXNativeTarget;
			buildConfigurationList = D61DFEF21E801E2D0039AF71 /* Build configuration list for PBXNativeTarget "CommentAdder" */;
			buildPhases = (
				D61DFEC61E801E2D0039AF71 /* Sources */,
				D61DFEC71E801E2D0039AF71 /* Frameworks */,
				D61DFEC81E801E2D0039AF71 /* Resources */,
			);
			buildRules = (
			);
			dependencies = (
			);
			name = CommentAdder;
			productName = CommentAdder;
			productReference = D61DFECA1E801E2D0039AF71 /* CommentAdder.app */;
			productType = "com.apple.product-type.application";
		};
		D61DFEDD1E801E2D0039AF71 /* CommentAdderTests */ = {
			isa = PBXNativeTarget;
			buildConfigurationList = D61DFEF51E801E2D0039AF71 /* Build configuration list for PBXNativeTarget "CommentAdderTests" */;
			buildPhases = (
				D61DFEDA1E801E2D0039AF71 /* Sources */,
				D61DFEDB1E801E2D0039AF71 /* Frameworks */,
				D61DFEDC1E801E2D0039AF71 /* Resources */,
			);
			buildRules = (
			);
			dependencies = (
				D61DFEE01E801E2D0039AF71 /* PBXTargetDependency */,
			);
			name = CommentAdderTests;
			productName = CommentAdderTests;
			productReference = D61DFEDE1E801E2D0039AF71 /* CommentAdderTests.xctest */;
			productType = "com.apple.product-type.bundle.unit-test";
		};
		D61DFEE81E801E2D0039AF71 /* CommentAdderUITests */ = {
			isa = PBXNativeTarget;
			buildConfigurationList = D61DFEF81E801E2D0039AF71 /* Build configuration list for PBXNativeTarget "CommentAdderUITests" */;
			buildPhases = (
				D61DFEE51E801E2D0039AF71 /* Sources */,
				D61DFEE61E801E2D0039AF71 /* Frameworks */,
				D61DFEE71E801E2D0039AF71 /* Resources */,
			);
			buildRules = (
			);
			dependencies = (
				D61DFEEB1E801E2D0039AF71 /* PBXTargetDependency */,
			);
			name = CommentAdderUITests;
			productName = CommentAdderUITests;
			productReference = D61DFEE91E801E2D0039AF71 /* CommentAdderUITests.xctest */;
			productType = "com.apple.product-type.bundle.ui-testing";
		};
/* End PBXNativeTarget section */

/* Begin PBXProject section */
		D61DFEC21E801E2D0039AF71 /* Project object */ = {
			isa = PBXProject;
			attributes = {
				LastSwiftUpdateCheck = 0820;
				LastUpgradeCheck = 0820;
				ORGANIZATIONNAME = "Dave Tille";
				TargetAttributes = {
					D61DFEC91E801E2D0039AF71 = {
						CreatedOnToolsVersion = 8.2.1;
						DevelopmentTeam = 4S7G8GN93D;
						ProvisioningStyle = Automatic;
					};
					D61DFEDD1E801E2D0039AF71 = {
						CreatedOnToolsVersion = 8.2.1;
						DevelopmentTeam = 4S7G8GN93D;
						ProvisioningStyle = Automatic;
						TestTargetID = D61DFEC91E801E2D0039AF71;
					};
					D61DFEE81E801E2D0039AF71 = {
						CreatedOnToolsVersion = 8.2.1;
						DevelopmentTeam = 4S7G8GN93D;
						ProvisioningStyle = Automatic;
						TestTargetID = D61DFEC91E801E2D0039AF71;
					};
				};
			};
			buildConfigurationList = D61DFEC51E801E2D0039AF71 /* Build configuration list for PBXProject "CommentAdder" */;
			compatibilityVersion = "Xcode 3.2";
			developmentRegion = English;
			hasScannedForEncodings = 0;
			knownRegions = (
				en,
				Base,
			);
			mainGroup = D61DFEC11E801E2D0039AF71;
			productRefGroup = D61DFECB1E801E2D0039AF71 /* Products */;
			projectDirPath = "";
			projectRoot = "";
			targets = (
				D61DFEC91E801E2D0039AF71 /* CommentAdder */,
				D61DFEDD1E801E2D0039AF71 /* CommentAdderTests */,
				D61DFEE81E801E2D0039AF71 /* CommentAdderUITests */,
			);
		};
/* End PBXProject section */

/* Begin PBXResourcesBuildPhase section */
		D61DFEC81E801E2D0039AF71 /* Resources */ = {
			isa = PBXResourcesBuildPhase;
			buildActionMask = 2147483647;
			files = (
				D61DFED81E801E2D0039AF71 /* LaunchScreen.storyboard in Resources */,
				D61DFED51E801E2D0039AF71 /* Assets.xcassets in Resources */,
				D61DFED31E801E2D0039AF71 /* Main.storyboard in Resources */,
			);
			runOnlyForDeploymentPostprocessing = 0;
		};
		D61DFEDC1E801E2D0039AF71 /* Resources */ = {
			isa = PBXResourcesBuildPhase;
			buildActionMask = 2147483647;
			files = (
			);
			runOnlyForDeploymentPostprocessing = 0;
		};
		D61DFEE71E801E2D0039AF71 /* Resources */ = {
			isa = PBXResourcesBuildPhase;
			buildActionMask = 2147483647;
			files = (
			);
			runOnlyForDeploymentPostprocessing = 0;
		};
/* End PBXResourcesBuildPhase section */

/* Begin PBXSourcesBuildPhase section */
		D61DFEC61E801E2D0039AF71 /* Sources */ = {
			isa = PBXSourcesBuildPhase;
			buildActionMask = 2147483647;
			files = (
				D61DFED01E801E2D0039AF71 /* ViewController.swift in Sources */,
				D61DFECE1E801E2D0039AF71 /* AppDelegate.swift in Sources */,
			);
			runOnlyForDeploymentPostprocessing = 0;
		};
		D61DFEDA1E801E2D0039AF71 /* Sources */ = {
			isa = PBXSourcesBuildPhase;
			buildActionMask = 2147483647;
			files = (
				D61DFEE31E801E2D0039AF71 /* CommentAdderTests.swift in Sources */,
			);
			runOnlyForDeploymentPostprocessing = 0;
		};
		D61DFEE51E801E2D0039AF71 /* Sources */ = {
			isa = PBXSourcesBuildPhase;
			buildActionMask = 2147483647;
			files = (
				D61DFEEE1E801E2D0039AF71 /* CommentAdderUITests.swift in Sources */,
			);
			runOnlyForDeploymentPostprocessing = 0;
		};
/* End PBXSourcesBuildPhase section */

/* Begin PBXTargetDependency section */
		D61DFEE01E801E2D0039AF71 /* PBXTargetDependency */ = {
			isa = PBXTargetDependency;
			target = D61DFEC91E801E2D0039AF71 /* CommentAdder */;
			targetProxy = D61DFEDF1E801E2D0039AF71 /* PBXContainerItemProxy */;
		};
		D61DFEEB1E801E2D0039AF71 /* PBXTargetDependency */ = {
			isa = PBXTargetDependency;
			target = D61DFEC91E801E2D0039AF71 /* CommentAdder */;
			targetProxy = D61DFEEA1E801E2D0039AF71 /* PBXContainerItemProxy */;
		};
/* End PBXTargetDependency section */

/* Begin PBXVariantGroup section */
		D61DFED11E801E2D0039AF71 /* Main.storyboard */ = {
			isa = PBXVariantGroup;
			children = (
				D61DFED21E801E2D0039AF71 /* Base */,
			);
			name = Main.storyboard;
			sourceTree = "<group>";
		};
		D61DFED61E801E2D0039AF71 /* LaunchScreen.storyboard */ = {
			isa = PBXVariantGroup;
			children = (
				D61DFED71E801E2D0039AF71 /* Base */,
			);
			name = LaunchScreen.storyboard;
			sourceTree = "<group>";
		};
/* End PBXVariantGroup section */

/* Begin XCBuildConfiguration section */
		D61DFEF01E801E2D0039AF71 /* Debug */ = {
			isa = XCBuildConfiguration;
			buildSettings = {
				ALWAYS_SEARCH_USER_PATHS = NO;
				CLANG_ANALYZER_NONNULL = YES;
				CLANG_CXX_LANGUAGE_STANDARD = "gnu++0x";
				CLANG_CXX_LIBRARY = "libc++";
				CLANG_ENABLE_MODULES = YES;
				CLANG_ENABLE_OBJC_ARC = YES;
				CLANG_WARN_BOOL_CONVERSION = YES;
				CLANG_WARN_CONSTANT_CONVERSION = YES;
				CLANG_WARN_DIRECT_OBJC_ISA_USAGE = YES_ERROR;
				CLANG_WARN_DOCUMENTATION_COMMENTS = YES;
				CLANG_WARN_EMPTY_BODY = YES;
				CLANG_WARN_ENUM_CONVERSION = YES;
				CLANG_WARN_INFINITE_RECURSION = YES;
				CLANG_WARN_INT_CONVERSION = YES;
				CLANG_WARN_OBJC_ROOT_CLASS = YES_ERROR;
				CLANG_WARN_SUSPICIOUS_MOVE = YES;
				CLANG_WARN_UNREACHABLE_CODE = YES;
				CLANG_WARN__DUPLICATE_METHOD_MATCH = YES;
				"CODE_SIGN_IDENTITY[sdk=iphoneos*]" = "iPhone Developer";
				COPY_PHASE_STRIP = NO;
				DEBUG_INFORMATION_FORMAT = dwarf;
				ENABLE_STRICT_OBJC_MSGSEND = YES;
				ENABLE_TESTABILITY = YES;
				GCC_C_LANGUAGE_STANDARD = gnu99;
				GCC_DYNAMIC_NO_PIC = NO;
				GCC_NO_COMMON_BLOCKS = YES;
				GCC_OPTIMIZATION_LEVEL = 0;
				GCC_PREPROCESSOR_DEFINITIONS = (
					"DEBUG=1",
					"$(inherited)",
				);
				GCC_WARN_64_TO_32_BIT_CONVERSION = YES;
				GCC_WARN_ABOUT_RETURN_TYPE = YES_ERROR;
				GCC_WARN_UNDECLARED_SELECTOR = YES;
				GCC_WARN_UNINITIALIZED_AUTOS = YES_AGGRESSIVE;
				GCC_WARN_UNUSED_FUNCTION = YES;
				GCC_WARN_UNUSED_VARIABLE = YES;
				IPHONEOS_DEPLOYMENT_TARGET = 10.2;
				MTL_ENABLE_DEBUG_INFO = YES;
				ONLY_ACTIVE_ARCH = YES;
				SDKROOT = iphoneos;
				SWIFT_ACTIVE_COMPILATION_CONDITIONS = DEBUG;
				SWIFT_OPTIMIZATION_LEVEL = "-Onone";
			};
			name = Debug;
		};
		D61DFEF11E801E2D0039AF71 /* Release */ = {
			isa = XCBuildConfiguration;
			buildSettings = {
				ALWAYS_SEARCH_USER_PATHS = NO;
				CLANG_ANALYZER_NONNULL = YES;
				CLANG_CXX_LANGUAGE_STANDARD = "gnu++0x";
				CLANG_CXX_LIBRARY = "libc++";
				CLANG_ENABLE_MODULES = YES;
				CLANG_ENABLE_OBJC_ARC = YES;
				CLANG_WARN_BOOL_CONVERSION = YES;
				CLANG_WARN_CONSTANT_CONVERSION = YES;
				CLANG_WARN_DIRECT_OBJC_ISA_USAGE = YES_ERROR;
				CLANG_WARN_DOCUMENTATION_COMMENTS = YES;
				CLANG_WARN_EMPTY_BODY = YES;
				CLANG_WARN_ENUM_CONVERSION = YES;
				CLANG_WARN_INFINITE_RECURSION = YES;
				CLANG_WARN_INT_CONVERSION = YES;
				CLANG_WARN_OBJC_ROOT_CLASS = YES_ERROR;
				CLANG_WARN_SUSPICIOUS_MOVE = YES;
				CLANG_WARN_UNREACHABLE_CODE = YES;
				CLANG_WARN__DUPLICATE_METHOD_MATCH = YES;
				"CODE_SIGN_IDENTITY[sdk=iphoneos*]" = "iPhone Developer";
				COPY_PHASE_STRIP = NO;
				DEBUG_INFORMATION_FORMAT = "dwarf-with-dsym";
				ENABLE_NS_ASSERTIONS = NO;
				ENABLE_STRICT_OBJC_MSGSEND = YES;
				GCC_C_LANGUAGE_STANDARD = gnu99;
				GCC_NO_COMMON_BLOCKS = YES;
				GCC_WARN_64_TO_32_BIT_CONVERSION = YES;
				GCC_WARN_ABOUT_RETURN_TYPE = YES_ERROR;
				GCC_WARN_UNDECLARED_SELECTOR = YES;
				GCC_WARN_UNINITIALIZED_AUTOS = YES_AGGRESSIVE;
				GCC_WARN_UNUSED_FUNCTION = YES;
				GCC_WARN_UNUSED_VARIABLE = YES;
				IPHONEOS_DEPLOYMENT_TARGET = 10.2;
				MTL_ENABLE_DEBUG_INFO = NO;
				SDKROOT = iphoneos;
				SWIFT_OPTIMIZATION_LEVEL = "-Owholemodule";
				VALIDATE_PRODUCT = YES;
			};
			name = Release;
		};
		D61DFEF31E801E2D0039AF71 /* Debug */ = {
			isa = XCBuildConfiguration;
			buildSettings = {
				ASSETCATALOG_COMPILER_APPICON_NAME = AppIcon;
				DEVELOPMENT_TEAM = 4S7G8GN93D;
				INFOPLIST_FILE = CommentAdder/Info.plist;
				LD_RUNPATH_SEARCH_PATHS = "$(inherited) @executable_path/Frameworks";
				PRODUCT_BUNDLE_IDENTIFIER = Dave.CommentAdder;
				PRODUCT_NAME = "$(TARGET_NAME)";
				SWIFT_VERSION = 3.0;
			};
			name = Debug;
		};
		D61DFEF41E801E2D0039AF71 /* Release */ = {
			isa = XCBuildConfiguration;
			buildSettings = {
				ASSETCATALOG_COMPILER_APPICON_NAME = AppIcon;
				DEVELOPMENT_TEAM = 4S7G8GN93D;
				INFOPLIST_FILE = CommentAdder/Info.plist;
				LD_RUNPATH_SEARCH_PATHS = "$(inherited) @executable_path/Frameworks";
				PRODUCT_BUNDLE_IDENTIFIER = Dave.CommentAdder;
				PRODUCT_NAME = "$(TARGET_NAME)";
				SWIFT_VERSION = 3.0;
			};
			name = Release;
		};
		D61DFEF61E801E2D0039AF71 /* Debug */ = {
			isa = XCBuildConfiguration;
			buildSettings = {
				ALWAYS_EMBED_SWIFT_STANDARD_LIBRARIES = YES;
				BUNDLE_LOADER = "$(TEST_HOST)";
				DEVELOPMENT_TEAM = 4S7G8GN93D;
				INFOPLIST_FILE = CommentAdderTests/Info.plist;
				LD_RUNPATH_SEARCH_PATHS = "$(inherited) @executable_path/Frameworks @loader_path/Frameworks";
				PRODUCT_BUNDLE_IDENTIFIER = Dave.CommentAdderTests;
				PRODUCT_NAME = "$(TARGET_NAME)";
				SWIFT_VERSION = 3.0;
				TEST_HOST = "$(BUILT_PRODUCTS_DIR)/CommentAdder.app/CommentAdder";
			};
			name = Debug;
		};
		D61DFEF71E801E2D0039AF71 /* Release */ = {
			isa = XCBuildConfiguration;
			buildSettings = {
				ALWAYS_EMBED_SWIFT_STANDARD_LIBRARIES = YES;
				BUNDLE_LOADER = "$(TEST_HOST)";
				DEVELOPMENT_TEAM = 4S7G8GN93D;
				INFOPLIST_FILE = CommentAdderTests/Info.plist;
				LD_RUNPATH_SEARCH_PATHS = "$(inherited) @executable_path/Frameworks @loader_path/Frameworks";
				PRODUCT_BUNDLE_IDENTIFIER = Dave.CommentAdderTests;
				PRODUCT_NAME = "$(TARGET_NAME)";
				SWIFT_VERSION = 3.0;
				TEST_HOST = "$(BUILT_PRODUCTS_DIR)/CommentAdder.app/CommentAdder";
			};
			name = Release;
		};
		D61DFEF91E801E2D0039AF71 /* Debug */ = {
			isa = XCBuildConfiguration;
			buildSettings = {
				ALWAYS_EMBED_SWIFT_STANDARD_LIBRARIES = YES;
				DEVELOPMENT_TEAM = 4S7G8GN93D;
				INFOPLIST_FILE = CommentAdderUITests/Info.plist;
				LD_RUNPATH_SEARCH_PATHS = "$(inherited) @executable_path/Frameworks @loader_path/Frameworks";
				PRODUCT_BUNDLE_IDENTIFIER = Dave.CommentAdderUITests;
				PRODUCT_NAME = "$(TARGET_NAME)";
				SWIFT_VERSION = 3.0;
				TEST_TARGET_NAME = CommentAdder;
			};
			name = Debug;
		};
		D61DFEFA1E801E2D0039AF71 /* Release */ = {
			isa = XCBuildConfiguration;
			buildSettings = {
				ALWAYS_EMBED_SWIFT_STANDARD_LIBRARIES = YES;
				DEVELOPMENT_TEAM = 4S7G8GN93D;
				INFOPLIST_FILE = CommentAdderUITests/Info.plist;
				LD_RUNPATH_SEARCH_PATHS = "$(inherited) @executable_path/Frameworks @loader_path/Frameworks";
				PRODUCT_BUNDLE_IDENTIFIER = Dave.CommentAdderUITests;
				PRODUCT_NAME = "$(TARGET_NAME)";
				SWIFT_VERSION = 3.0;
				TEST_TARGET_NAME = CommentAdder;
			};
			name = Release;
		};
/* End XCBuildConfiguration section */

/* Begin XCConfigurationList section */
		D61DFEC51E801E2D0039AF71 /* Build configuration list for PBXProject "CommentAdder" */ = {
			isa = XCConfigurationList;
			buildConfigurations = (
				D61DFEF01E801E2D0039AF71 /* Debug */,
				D61DFEF11E801E2D0039AF71 /* Release */,
			);
			defaultConfigurationIsVisible = 0;
			defaultConfigurationName = Release;
		};
		D61DFEF21E801E2D0039AF71 /* Build configuration list for PBXNativeTarget "CommentAdder" */ = {
			isa = XCConfigurationList;
			buildConfigurations = (
				D61DFEF31E801E2D0039AF71 /* Debug */,
				D61DFEF41E801E2D0039AF71 /* Release */,
			);
			defaultConfigurationIsVisible = 0;
		};
		D61DFEF51E801E2D0039AF71 /* Build configuration list for PBXNativeTarget "CommentAdderTests" */ = {
			isa = XCConfigurationList;
			buildConfigurations = (
				D61DFEF61E801E2D0039AF71 /* Debug */,
				D61DFEF71E801E2D0039AF71 /* Release */,
			);
			defaultConfigurationIsVisible = 0;
		};
		D61DFEF81E801E2D0039AF71 /* Build configuration list for PBXNativeTarget "CommentAdderUITests" */ = {
			isa = XCConfigurationList;
			buildConfigurations = (
				D61DFEF91E801E2D0039AF71 /* Debug */,
				D61DFEFA1E801E2D0039AF71 /* Release */,
			);
			defaultConfigurationIsVisible = 0;
		};
/* End XCConfigurationList section */
	};
	rootObject = D61DFEC21E801E2D0039AF71 /* Project object */;
}
